
Microsoft Visual Studio Solution File, Format Version 12.00
# Visual Studio 15
VisualStudioVersion = 15.0.27703.2035
MinimumVisualStudioVersion = 10.0.40219.1
Project("{FAE04EC0-301F-11D3-BF4B-00C04F79EFBC}") = "Calculator.Android", "Calculator\Calculator.Android\Calculator.Android.csproj", "{B0414624-CA5A-4921-A112-AD903E9C7AFA}"
EndProject
Project("{FAE04EC0-301F-11D3-BF4B-00C04F79EFBC}") = "Calculator.iOS", "Calculator\Calculator.iOS\Calculator.iOS.csproj", "{1CEE2DE8-5153-4CC5-B54C-2BC4F21990AE}"
EndProject
Project("{FAE04EC0-301F-11D3-BF4B-00C04F79EFBC}") = "Calculator", "Calculator\Calculator\Calculator.csproj", "{10580E11-CAAC-47A5-BB35-635533946747}"
EndProject
Global
	GlobalSection(SolutionConfigurationPlatforms) = preSolution
		Ad-Hoc|Any CPU = Ad-Hoc|Any CPU
		Ad-Hoc|iPhone = Ad-Hoc|iPhone
		Ad-Hoc|iPhoneSimulator = Ad-Hoc|iPhoneSimulator
		AppStore|Any CPU = AppStore|Any CPU
		AppStore|iPhone = AppStore|iPhone
		AppStore|iPhoneSimulator = AppStore|iPhoneSimulator
		Debug|Any CPU = Debug|Any CPU
		Debug|iPhone = Debug|iPhone
		Debug|iPhoneSimulator = Debug|iPhoneSimulator
		Release|Any CPU = Release|Any CPU
		Release|iPhone = Release|iPhone
		Release|iPhoneSimulator = Release|iPhoneSimulator
	EndGlobalSection
	GlobalSection(ProjectConfigurationPlatforms) = postSolution
		{B0414624-CA5A-4921-A112-AD903E9C7AFA}.Ad-Hoc|Any CPU.ActiveCfg = Release|Any CPU
		{B0414624-CA5A-4921-A112-AD903E9C7AFA}.Ad-Hoc|Any CPU.Build.0 = Release|Any CPU
		{B0414624-CA5A-4921-A112-AD903E9C7AFA}.Ad-Hoc|Any CPU.Deploy.0 = Release|Any CPU
		{B0414624-CA5A-4921-A112-AD903E9C7AFA}.Ad-Hoc|iPhone.ActiveCfg = Release|Any CPU
		{B0414624-CA5A-4921-A112-AD903E9C7AFA}.Ad-Hoc|iPhone.Build.0 = Release|Any CPU
		{B0414624-CA5A-4921-A112-AD903E9C7AFA}.Ad-Hoc|iPhone.Deploy.0 = Release|Any CPU
		{B0414624-CA5A-4921-A112-AD903E9C7AFA}.Ad-Hoc|iPhoneSimulator.ActiveCfg = Release|Any CPU
		{B0414624-CA5A-4921-A112-AD903E9C7AFA}.Ad-Hoc|iPhoneSimulator.Build.0 = Release|Any CPU
		{B0414624-CA5A-4921-A112-AD903E9C7AFA}.Ad-Hoc|iPhoneSimulator.Deploy.0 = Release|Any CPU
		{B0414624-CA5A-4921-A112-AD903E9C7AFA}.AppStore|Any CPU.ActiveCfg = Release|Any CPU
		{B0414624-CA5A-4921-A112-AD903E9C7AFA}.AppStore|Any CPU.Build.0 = Release|Any CPU
		{B0414624-CA5A-4921-A112-AD903E9C7AFA}.AppStore|Any CPU.Deploy.0 = Release|Any CPU
		{B0414624-CA5A-4921-A112-AD903E9C7AFA}.AppStore|iPhone.ActiveCfg = Release|Any CPU
		{B0414624-CA5A-4921-A112-AD903E9C7AFA}.AppStore|iPhone.Build.0 = Release|Any CPU
		{B0414624-CA5A-4921-A112-AD903E9C7AFA}.AppStore|iPhone.Deploy.0 = Release|Any CPU
		{B0414624-CA5A-4921-A112-AD903E9C7AFA}.AppStore|iPhoneSimulator.ActiveCfg = Release|Any CPU
		{B0414624-CA5A-4921-A112-AD903E9C7AFA}.AppStore|iPhoneSimulator.Build.0 = Release|Any CPU
		{B0414624-CA5A-4921-A112-AD903E9C7AFA}.AppStore|iPhoneSimulator.Deploy.0 = Release|Any CPU
		{B0414624-CA5A-4921-A112-AD903E9C7AFA}.Debug|Any CPU.ActiveCfg = Debug|Any CPU
		{B0414624-CA5A-4921-A112-AD903E9C7AFA}.Debug|Any CPU.Build.0 = Debug|Any CPU
		{B0414624-CA5A-4921-A112-AD903E9C7AFA}.Debug|Any CPU.Deploy.0 = Debug|Any CPU
		{B0414624-CA5A-4921-A112-AD903E9C7AFA}.Debug|iPhone.ActiveCfg = Debug|Any CPU
		{B0414624-CA5A-4921-A112-AD903E9C7AFA}.Debug|iPhone.Build.0 = Debug|Any CPU
		{B0414624-CA5A-4921-A112-AD903E9C7AFA}.Debug|iPhone.Deploy.0 = Debug|Any CPU
		{B0414624-CA5A-4921-A112-AD903E9C7AFA}.Debug|iPhoneSimulator.ActiveCfg = Debug|Any CPU
		{B0414624-CA5A-4921-A112-AD903E9C7AFA}.Debug|iPhoneSimulator.Build.0 = Debug|Any CPU
		{B0414624-CA5A-4921-A112-AD903E9C7AFA}.Debug|iPhoneSimulator.Deploy.0 = Debug|Any CPU
		{B0414624-CA5A-4921-A112-AD903E9C7AFA}.Release|Any CPU.ActiveCfg = Release|Any CPU
		{B0414624-CA5A-4921-A112-AD903E9C7AFA}.Release|Any CPU.Build.0 = Release|Any CPU
		{B0414624-CA5A-4921-A112-AD903E9C7AFA}.Release|Any CPU.Deploy.0 = Release|Any CPU
		{B0414624-CA5A-4921-A112-AD903E9C7AFA}.Release|iPhone.ActiveCfg = Release|Any CPU
		{B0414624-CA5A-4921-A112-AD903E9C7AFA}.Release|iPhone.Build.0 = Release|Any CPU
		{B0414624-CA5A-4921-A112-AD903E9C7AFA}.Release|iPhone.Deploy.0 = Release|Any CPU
		{B0414624-CA5A-4921-A112-AD903E9C7AFA}.Release|iPhoneSimulator.ActiveCfg = Release|Any CPU
		{B0414624-CA5A-4921-A112-AD903E9C7AFA}.Release|iPhoneSimulator.Build.0 = Release|Any CPU
		{B0414624-CA5A-4921-A112-AD903E9C7AFA}.Release|iPhoneSimulator.Deploy.0 = Release|Any CPU
		{1CEE2DE8-5153-4CC5-B54C-2BC4F21990AE}.Ad-Hoc|Any CPU.ActiveCfg = Ad-Hoc|iPhone
		{1CEE2DE8-5153-4CC5-B54C-2BC4F21990AE}.Ad-Hoc|Any CPU.Build.0 = Ad-Hoc|iPhone
		{1CEE2DE8-5153-4CC5-B54C-2BC4F21990AE}.Ad-Hoc|Any CPU.Deploy.0 = Ad-Hoc|iPhone
		{1CEE2DE8-5153-4CC5-B54C-2BC4F21990AE}.Ad-Hoc|iPhone.ActiveCfg = Ad-Hoc|iPhone
		{1CEE2DE8-5153-4CC5-B54C-2BC4F21990AE}.Ad-Hoc|iPhone.Build.0 = Ad-Hoc|iPhone
		{1CEE2DE8-5153-4CC5-B54C-2BC4F21990AE}.Ad-Hoc|iPhone.Deploy.0 = Ad-Hoc|iPhone
		{1CEE2DE8-5153-4CC5-B54C-2BC4F21990AE}.Ad-Hoc|iPhoneSimulator.ActiveCfg = Ad-Hoc|iPhoneSimulator
		{1CEE2DE8-5153-4CC5-B54C-2BC4F21990AE}.Ad-Hoc|iPhoneSimulator.Build.0 = Ad-Hoc|iPhoneSimulator
		{1CEE2DE8-5153-4CC5-B54C-2BC4F21990AE}.Ad-Hoc|iPhoneSimulator.Deploy.0 = Ad-Hoc|iPhoneSimulator
		{1CEE2DE8-5153-4CC5-B54C-2BC4F21990AE}.AppStore|Any CPU.ActiveCfg = AppStore|iPhone
		{1CEE2DE8-5153-4CC5-B54C-2BC4F21990AE}.AppStore|Any CPU.Build.0 = AppStore|iPhone
		{1CEE2DE8-5153-4CC5-B54C-2BC4F21990AE}.AppStore|Any CPU.Deploy.0 = AppStore|iPhone
		{1CEE2DE8-5153-4CC5-B54C-2BC4F21990AE}.AppStore|iPhone.ActiveCfg = AppStore|iPhone
		{1CEE2DE8-5153-4CC5-B54C-2BC4F21990AE}.AppStore|iPhone.Build.0 = AppStore|iPhone
		{1CEE2DE8-5153-4CC5-B54C-2BC4F21990AE}.AppStore|iPhone.Deploy.0 = AppStore|iPhone
		{1CEE2DE8-5153-4CC5-B54C-2BC4F21990AE}.AppStore|iPhoneSimulator.ActiveCfg = AppStore|iPhoneSimulator
		{1CEE2DE8-5153-4CC5-B54C-2BC4F21990AE}.AppStore|iPhoneSimulator.Build.0 = AppStore|iPhoneSimulator
		{1CEE2DE8-5153-4CC5-B54C-2BC4F21990AE}.AppStore|iPhoneSimulator.Deploy.0 = AppStore|iPhoneSimulator
		{1CEE2DE8-5153-4CC5-B54C-2BC4F21990AE}.Debug|Any CPU.ActiveCfg = Debug|iPhoneSimulator
		{1CEE2DE8-5153-4CC5-B54C-2BC4F21990AE}.Debug|Any CPU.Build.0 = Debug|iPhoneSimulator
		{1CEE2DE8-5153-4CC5-B54C-2BC4F21990AE}.Debug|Any CPU.Deploy.0 = Debug|iPhoneSimulator
		{1CEE2DE8-5153-4CC5-B54C-2BC4F21990AE}.Debug|iPhone.ActiveCfg = Debug|iPhone
		{1CEE2DE8-5153-4CC5-B54C-2BC4F21990AE}.Debug|iPhone.Build.0 = Debug|iPhone
		{1CEE2DE8-5153-4CC5-B54C-2BC4F21990AE}.Debug|iPhone.Deploy.0 = Debug|iPhone
		{1CEE2DE8-5153-4CC5-B54C-2BC4F21990AE}.Debug|iPhoneSimulator.ActiveCfg = Debug|iPhoneSimulator
		{1CEE2DE8-5153-4CC5-B54C-2BC4F21990AE}.Debug|iPhoneSimulator.Build.0 = Debug|iPhoneSimulator
		{1CEE2DE8-5153-4CC5-B54C-2BC4F21990AE}.Debug|iPhoneSimulator.Deploy.0 = Debug|iPhoneSimulator
		{1CEE2DE8-5153-4CC5-B54C-2BC4F21990AE}.Release|Any CPU.ActiveCfg = Release|iPhone
		{1CEE2DE8-5153-4CC5-B54C-2BC4F21990AE}.Release|Any CPU.Build.0 = Release|iPhone
		{1CEE2DE8-5153-4CC5-B54C-2BC4F21990AE}.Release|Any CPU.Deploy.0 = Release|iPhone
		{1CEE2DE8-5153-4CC5-B54C-2BC4F21990AE}.Release|iPhone.ActiveCfg = Release|iPhone
		{1CEE2DE8-5153-4CC5-B54C-2BC4F21990AE}.Release|iPhone.Build.0 = Release|iPhone
		{1CEE2DE8-5153-4CC5-B54C-2BC4F21990AE}.Release|iPhone.Deploy.0 = Release|iPhone
		{1CEE2DE8-5153-4CC5-B54C-2BC4F21990AE}.Release|iPhoneSimulator.ActiveCfg = Release|iPhoneSimulator
		{1CEE2DE8-5153-4CC5-B54C-2BC4F21990AE}.Release|iPhoneSimulator.Build.0 = Release|iPhoneSimulator
		{1CEE2DE8-5153-4CC5-B54C-2BC4F21990AE}.Release|iPhoneSimulator.Deploy.0 = Release|iPhoneSimulator
		{10580E11-CAAC-47A5-BB35-635533946747}.Ad-Hoc|Any CPU.ActiveCfg = Debug|Any CPU
		{10580E11-CAAC-47A5-BB35-635533946747}.Ad-Hoc|Any CPU.Build.0 = Debug|Any CPU
		{10580E11-CAAC-47A5-BB35-635533946747}.Ad-Hoc|Any CPU.Deploy.0 = Debug|Any CPU
		{10580E11-CAAC-47A5-BB35-635533946747}.Ad-Hoc|iPhone.ActiveCfg = Debug|Any CPU
		{10580E11-CAAC-47A5-BB35-635533946747}.Ad-Hoc|iPhone.Build.0 = Debug|Any CPU
		{10580E11-CAAC-47A5-BB35-635533946747}.Ad-Hoc|iPhone.Deploy.0 = Debug|Any CPU
		{10580E11-CAAC-47A5-BB35-635533946747}.Ad-Hoc|iPhoneSimulator.ActiveCfg = Debug|Any CPU
		{10580E11-CAAC-47A5-BB35-635533946747}.Ad-Hoc|iPhoneSimulator.Build.0 = Debug|Any CPU
		{10580E11-CAAC-47A5-BB35-635533946747}.Ad-Hoc|iPhoneSimulator.Deploy.0 = Debug|Any CPU
		{10580E11-CAAC-47A5-BB35-635533946747}.AppStore|Any CPU.ActiveCfg = Debug|Any CPU
		{10580E11-CAAC-47A5-BB35-635533946747}.AppStore|Any CPU.Build.0 = Debug|Any CPU
		{10580E11-CAAC-47A5-BB35-635533946747}.AppStore|Any CPU.Deploy.0 = Debug|Any CPU
		{10580E11-CAAC-47A5-BB35-635533946747}.AppStore|iPhone.ActiveCfg = Debug|Any CPU
		{10580E11-CAAC-47A5-BB35-635533946747}.AppStore|iPhone.Build.0 = Debug|Any CPU
		{10580E11-CAAC-47A5-BB35-635533946747}.AppStore|iPhone.Deploy.0 = Debug|Any CPU
		{10580E11-CAAC-47A5-BB35-635533946747}.AppStore|iPhoneSimulator.ActiveCfg = Debug|Any CPU
		{10580E11-CAAC-47A5-BB35-635533946747}.AppStore|iPhoneSimulator.Build.0 = Debug|Any CPU
		{10580E11-CAAC-47A5-BB35-635533946747}.AppStore|iPhoneSimulator.Deploy.0 = Debug|Any CPU
		{10580E11-CAAC-47A5-BB35-635533946747}.Debug|Any CPU.ActiveCfg = Debug|Any CPU
		{10580E11-CAAC-47A5-BB35-635533946747}.Debug|Any CPU.Build.0 = Debug|Any CPU
		{10580E11-CAAC-47A5-BB35-635533946747}.Debug|Any CPU.Deploy.0 = Debug|Any CPU
		{10580E11-CAAC-47A5-BB35-635533946747}.Debug|iPhone.ActiveCfg = Debug|Any CPU
		{10580E11-CAAC-47A5-BB35-635533946747}.Debug|iPhone.Build.0 = Debug|Any CPU
		{10580E11-CAAC-47A5-BB35-635533946747}.Debug|iPhone.Deploy.0 = Debug|Any CPU
		{10580E11-CAAC-47A5-BB35-635533946747}.Debug|iPhoneSimulator.ActiveCfg = Debug|Any CPU
		{10580E11-CAAC-47A5-BB35-635533946747}.Debug|iPhoneSimulator.Build.0 = Debug|Any CPU
		{10580E11-CAAC-47A5-BB35-635533946747}.Debug|iPhoneSimulator.Deploy.0 = Debug|Any CPU
		{10580E11-CAAC-47A5-BB35-635533946747}.Release|Any CPU.ActiveCfg = Release|Any CPU
		{10580E11-CAAC-47A5-BB35-635533946747}.Release|Any CPU.Build.0 = Release|Any CPU
		{10580E11-CAAC-47A5-BB35-635533946747}.Release|Any CPU.Deploy.0 = Release|Any CPU
		{10580E11-CAAC-47A5-BB35-635533946747}.Release|iPhone.ActiveCfg = Release|Any CPU
		{10580E11-CAAC-47A5-BB35-635533946747}.Release|iPhone.Build.0 = Release|Any CPU
		{10580E11-CAAC-47A5-BB35-635533946747}.Release|iPhone.Deploy.0 = Release|Any CPU
		{10580E11-CAAC-47A5-BB35-635533946747}.Release|iPhoneSimulator.ActiveCfg = Release|Any CPU
		{10580E11-CAAC-47A5-BB35-635533946747}.Release|iPhoneSimulator.Build.0 = Release|Any CPU
		{10580E11-CAAC-47A5-BB35-635533946747}.Release|iPhoneSimulator.Deploy.0 = Release|Any CPU
	EndGlobalSection
	GlobalSection(SolutionProperties) = preSolution
		HideSolutionNode = FALSE
	EndGlobalSection
	GlobalSection(ExtensibilityGlobals) = postSolution
		SolutionGuid = {B592AA45-0CC2-4A13-B853-739AF3ACC20B}
	EndGlobalSection
EndGlobal
